// !$*UTF8*$!
{
	archiveVersion = 1;
	classes = {
	};
	objectVersion = 46;
	objects = {

/* Begin PBXBuildFile section */
		020551E0F13BDDAD61903B60 /* Pods_ECFlicks.framework in Frameworks */ = {isa = PBXBuildFile; fileRef = B3B118CAD818EDFC7958EDC2 /* Pods_ECFlicks.framework */; };
		7A1D7B881C4593E100959E94 /* AppDelegate.swift in Sources */ = {isa = PBXBuildFile; fileRef = 7A1D7B871C4593E100959E94 /* AppDelegate.swift */; };
		7A1D7B8D1C4593E100959E94 /* Main.storyboard in Resources */ = {isa = PBXBuildFile; fileRef = 7A1D7B8B1C4593E100959E94 /* Main.storyboard */; };
		7A1D7B8F1C4593E100959E94 /* Assets.xcassets in Resources */ = {isa = PBXBuildFile; fileRef = 7A1D7B8E1C4593E100959E94 /* Assets.xcassets */; };
		7A1D7B921C4593E100959E94 /* LaunchScreen.storyboard in Resources */ = {isa = PBXBuildFile; fileRef = 7A1D7B901C4593E100959E94 /* LaunchScreen.storyboard */; };
		7A1D7B9C1C4CADA200959E94 /* MoviesViewController.swift in Sources */ = {isa = PBXBuildFile; fileRef = 7A1D7B9B1C4CADA200959E94 /* MoviesViewController.swift */; };
		7A1D7B9F1C4DBF6200959E94 /* MovieCell.swift in Sources */ = {isa = PBXBuildFile; fileRef = 7A1D7B9E1C4DBF6200959E94 /* MovieCell.swift */; };
		7A5A33F71C4F67B100D77879 /* Icons.xcassets in Resources */ = {isa = PBXBuildFile; fileRef = 7A5A33F61C4F67B100D77879 /* Icons.xcassets */; };
/* End PBXBuildFile section */

/* Begin PBXFileReference section */
		1636F19BA18106AC22E5C31A /* Pods-ECFlicks.release.xcconfig */ = {isa = PBXFileReference; includeInIndex = 1; lastKnownFileType = text.xcconfig; name = "Pods-ECFlicks.release.xcconfig"; path = "Pods/Target Support Files/Pods-ECFlicks/Pods-ECFlicks.release.xcconfig"; sourceTree = "<group>"; };
		7A1D7B841C4593E100959E94 /* ECFlicks.app */ = {isa = PBXFileReference; explicitFileType = wrapper.application; includeInIndex = 0; path = ECFlicks.app; sourceTree = BUILT_PRODUCTS_DIR; };
		7A1D7B871C4593E100959E94 /* AppDelegate.swift */ = {isa = PBXFileReference; lastKnownFileType = sourcecode.swift; path = AppDelegate.swift; sourceTree = "<group>"; };
		7A1D7B8C1C4593E100959E94 /* Base */ = {isa = PBXFileReference; lastKnownFileType = file.storyboard; name = Base; path = Base.lproj/Main.storyboard; sourceTree = "<group>"; };
		7A1D7B8E1C4593E100959E94 /* Assets.xcassets */ = {isa = PBXFileReference; lastKnownFileType = folder.assetcatalog; path = Assets.xcassets; sourceTree = "<group>"; };
		7A1D7B911C4593E100959E94 /* Base */ = {isa = PBXFileReference; lastKnownFileType = file.storyboard; name = Base; path = Base.lproj/LaunchScreen.storyboard; sourceTree = "<group>"; };
		7A1D7B931C4593E100959E94 /* Info.plist */ = {isa = PBXFileReference; lastKnownFileType = text.plist.xml; path = Info.plist; sourceTree = "<group>"; };
		7A1D7B9B1C4CADA200959E94 /* MoviesViewController.swift */ = {isa = PBXFileReference; fileEncoding = 4; lastKnownFileType = sourcecode.swift; path = MoviesViewController.swift; sourceTree = "<group>"; };
		7A1D7B9E1C4DBF6200959E94 /* MovieCell.swift */ = {isa = PBXFileReference; fileEncoding = 4; lastKnownFileType = sourcecode.swift; path = MovieCell.swift; sourceTree = "<group>"; };
		7A5A33F61C4F67B100D77879 /* Icons.xcassets */ = {isa = PBXFileReference; lastKnownFileType = folder.assetcatalog; path = Icons.xcassets; sourceTree = "<group>"; };
		89E3C2C6F857D329EC2C5EDA /* Pods-ECFlicks.debug.xcconfig */ = {isa = PBXFileReference; includeInIndex = 1; lastKnownFileType = text.xcconfig; name = "Pods-ECFlicks.debug.xcconfig"; path = "Pods/Target Support Files/Pods-ECFlicks/Pods-ECFlicks.debug.xcconfig"; sourceTree = "<group>"; };
		B3B118CAD818EDFC7958EDC2 /* Pods_ECFlicks.framework */ = {isa = PBXFileReference; explicitFileType = wrapper.framework; includeInIndex = 0; path = Pods_ECFlicks.framework; sourceTree = BUILT_PRODUCTS_DIR; };
/* End PBXFileReference section */

/* Begin PBXFrameworksBuildPhase section */
		7A1D7B811C4593E100959E94 /* Frameworks */ = {
			isa = PBXFrameworksBuildPhase;
			buildActionMask = 2147483647;
			files = (
				020551E0F13BDDAD61903B60 /* Pods_ECFlicks.framework in Frameworks */,
			);
			runOnlyForDeploymentPostprocessing = 0;
		};
/* End PBXFrameworksBuildPhase section */

/* Begin PBXGroup section */
		3F695C1DF0FD0915CDF24AC5 /* Frameworks */ = {
			isa = PBXGroup;
			children = (
				B3B118CAD818EDFC7958EDC2 /* Pods_ECFlicks.framework */,
			);
			name = Frameworks;
			sourceTree = "<group>";
		};
		7A1D7B7B1C4593E100959E94 = {
			isa = PBXGroup;
			children = (
				7A5A33F61C4F67B100D77879 /* Icons.xcassets */,
				7A1D7B861C4593E100959E94 /* ECFlicks */,
				7A1D7B851C4593E100959E94 /* Products */,
				82BBFCAA56AEAD885C75C389 /* Pods */,
				3F695C1DF0FD0915CDF24AC5 /* Frameworks */,
			);
			sourceTree = "<group>";
		};
		7A1D7B851C4593E100959E94 /* Products */ = {
			isa = PBXGroup;
			children = (
				7A1D7B841C4593E100959E94 /* ECFlicks.app */,
			);
			name = Products;
			sourceTree = "<group>";
		};
		7A1D7B861C4593E100959E94 /* ECFlicks */ = {
			isa = PBXGroup;
			children = (
				7A1D7BA01C4DBF7E00959E94 /* View Controllers */,
				7A1D7B9D1C4DBF3800959E94 /* Views */,
				7A1D7B871C4593E100959E94 /* AppDelegate.swift */,
				7A1D7B8B1C4593E100959E94 /* Main.storyboard */,
				7A1D7B8E1C4593E100959E94 /* Assets.xcassets */,
				7A1D7B901C4593E100959E94 /* LaunchScreen.storyboard */,
				7A1D7B931C4593E100959E94 /* Info.plist */,
			);
			path = ECFlicks;
			sourceTree = "<group>";
		};
		7A1D7B9D1C4DBF3800959E94 /* Views */ = {
			isa = PBXGroup;
			children = (
				7A1D7B9E1C4DBF6200959E94 /* MovieCell.swift */,
			);
			name = Views;
			sourceTree = "<group>";
		};
		7A1D7BA01C4DBF7E00959E94 /* View Controllers */ = {
			isa = PBXGroup;
			children = (
				7A1D7B9B1C4CADA200959E94 /* MoviesViewController.swift */,
			);
			name = "View Controllers";
			sourceTree = "<group>";
		};
		82BBFCAA56AEAD885C75C389 /* Pods */ = {
			isa = PBXGroup;
			children = (
				89E3C2C6F857D329EC2C5EDA /* Pods-ECFlicks.debug.xcconfig */,
				1636F19BA18106AC22E5C31A /* Pods-ECFlicks.release.xcconfig */,
			);
			name = Pods;
			sourceTree = "<group>";
		};
/* End PBXGroup section */

/* Begin PBXNativeTarget section */
		7A1D7B831C4593E100959E94 /* ECFlicks */ = {
			isa = PBXNativeTarget;
			buildConfigurationList = 7A1D7B961C4593E100959E94 /* Build configuration list for PBXNativeTarget "ECFlicks" */;
			buildPhases = (
				434A28C20D387A3CC5FECADF /* Check Pods Manifest.lock */,
				7A1D7B801C4593E100959E94 /* Sources */,
				7A1D7B811C4593E100959E94 /* Frameworks */,
				7A1D7B821C4593E100959E94 /* Resources */,
				00289333DA1908FB4A4D2B41 /* Embed Pods Frameworks */,
				A913282AEA1681DA1D8A717C /* Copy Pods Resources */,
			);
			buildRules = (
			);
			dependencies = (
			);
			name = ECFlicks;
			productName = ECFlicks;
			productReference = 7A1D7B841C4593E100959E94 /* ECFlicks.app */;
			productType = "com.apple.product-type.application";
		};
/* End PBXNativeTarget section */

/* Begin PBXProject section */
		7A1D7B7C1C4593E100959E94 /* Project object */ = {
			isa = PBXProject;
			attributes = {
				LastSwiftUpdateCheck = 0720;
				LastUpgradeCheck = 0720;
				ORGANIZATIONNAME = EricDev;
				TargetAttributes = {
					7A1D7B831C4593E100959E94 = {
						CreatedOnToolsVersion = 7.2;
						DevelopmentTeam = 77S94498YM;
					};
				};
			};
			buildConfigurationList = 7A1D7B7F1C4593E100959E94 /* Build configuration list for PBXProject "ECFlicks" */;
			compatibilityVersion = "Xcode 3.2";
			developmentRegion = English;
			hasScannedForEncodings = 0;
			knownRegions = (
				en,
				Base,
			);
			mainGroup = 7A1D7B7B1C4593E100959E94;
			productRefGroup = 7A1D7B851C4593E100959E94 /* Products */;
			projectDirPath = "";
			projectRoot = "";
			targets = (
				7A1D7B831C4593E100959E94 /* ECFlicks */,
			);
		};
/* End PBXProject section */

/* Begin PBXResourcesBuildPhase section */
		7A1D7B821C4593E100959E94 /* Resources */ = {
			isa = PBXResourcesBuildPhase;
			buildActionMask = 2147483647;
			files = (
				7A1D7B921C4593E100959E94 /* LaunchScreen.storyboard in Resources */,
				7A1D7B8F1C4593E100959E94 /* Assets.xcassets in Resources */,
				7A5A33F71C4F67B100D77879 /* Icons.xcassets in Resources */,
				7A1D7B8D1C4593E100959E94 /* Main.storyboard in Resources */,
			);
			runOnlyForDeploymentPostprocessing = 0;
		};
/* End PBXResourcesBuildPhase section */

/* Begin PBXShellScriptBuildPhase section */
		00289333DA1908FB4A4D2B41 /* Embed Pods Frameworks */ = {
			isa = PBXShellScriptBuildPhase;
			buildActionMask = 2147483647;
			files = (
			);
			inputPaths = (
			);
			name = "Embed Pods Frameworks";
			outputPaths = (
			);
			runOnlyForDeploymentPostprocessing = 0;
			shellPath = /bin/sh;
			shellScript = "\"${SRCROOT}/Pods/Target Support Files/Pods-ECFlicks/Pods-ECFlicks-frameworks.sh\"\n";
			showEnvVarsInLog = 0;
		};
		434A28C20D387A3CC5FECADF /* Check Pods Manifest.lock */ = {
			isa = PBXShellScriptBuildPhase;
			buildActionMask = 2147483647;
			files = (
			);
			inputPaths = (
			);
			name = "Check Pods Manifest.lock";
			outputPaths = (
			);
			runOnlyForDeploymentPostprocessing = 0;
			shellPath = /bin/sh;
			shellScript = "diff \"${PODS_ROOT}/../Podfile.lock\" \"${PODS_ROOT}/Manifest.lock\" > /dev/null\nif [[ $? != 0 ]] ; then\n    cat << EOM\nerror: The sandbox is not in sync with the Podfile.lock. Run 'pod install' or update your CocoaPods installation.\nEOM\n    exit 1\nfi\n";
			showEnvVarsInLog = 0;
		};
		A913282AEA1681DA1D8A717C /* Copy Pods Resources */ = {
			isa = PBXShellScriptBuildPhase;
			buildActionMask = 2147483647;
			files = (
			);
			inputPaths = (
			);
			name = "Copy Pods Resources";
			outputPaths = (
			);
			runOnlyForDeploymentPostprocessing = 0;
			shellPath = /bin/sh;
			shellScript = "\"${SRCROOT}/Pods/Target Support Files/Pods-ECFlicks/Pods-ECFlicks-resources.sh\"\n";
			showEnvVarsInLog = 0;
		};
/* End PBXShellScriptBuildPhase section */

/* Begin PBXSourcesBuildPhase section */
		7A1D7B801C4593E100959E94 /* Sources */ = {
			isa = PBXSourcesBuildPhase;
			buildActionMask = 2147483647;
			files = (
				7A1D7B881C4593E100959E94 /* AppDelegate.swift in Sources */,
				7A1D7B9C1C4CADA200959E94 /* MoviesViewController.swift in Sources */,
				7A1D7B9F1C4DBF6200959E94 /* MovieCell.swift in Sources */,
			);
			runOnlyForDeploymentPostprocessing = 0;
		};
/* End PBXSourcesBuildPhase section */

/* Begin PBXVariantGroup section */
		7A1D7B8B1C4593E100959E94 /* Main.storyboard */ = {
			isa = PBXVariantGroup;
			children = (
				7A1D7B8C1C4593E100959E94 /* Base */,
			);
			name = Main.storyboard;
			sourceTree = "<group>";
		};
		7A1D7B901C4593E100959E94 /* LaunchScreen.storyboard */ = {
			isa = PBXVariantGroup;
			children = (
				7A1D7B911C4593E100959E94 /* Base */,
			);
			name = LaunchScreen.storyboard;
			sourceTree = "<group>";
		};
/* End PBXVariantGroup section */

/* Begin XCBuildConfiguration section */
		7A1D7B941C4593E100959E94 /* Debug */ = {
			isa = XCBuildConfiguration;
			buildSettings = {
				ALWAYS_SEARCH_USER_PATHS = NO;
				CLANG_CXX_LANGUAGE_STANDARD = "gnu++0x";
				CLANG_CXX_LIBRARY = "libc++";
				CLANG_ENABLE_MODULES = YES;
				CLANG_ENABLE_OBJC_ARC = YES;
				CLANG_WARN_BOOL_CONVERSION = YES;
				CLANG_WARN_CONSTANT_CONVERSION = YES;
				CLANG_WARN_DIRECT_OBJC_ISA_USAGE = YES_ERROR;
				CLANG_WARN_EMPTY_BODY = YES;
				CLANG_WARN_ENUM_CONVERSION = YES;
				CLANG_WARN_INT_CONVERSION = YES;
				CLANG_WARN_OBJC_ROOT_CLASS = YES_ERROR;
				CLANG_WARN_UNREACHABLE_CODE = YES;
				CLANG_WARN__DUPLICATE_METHOD_MATCH = YES;
				"CODE_SIGN_IDENTITY[sdk=iphoneos*]" = "iPhone Developer";
				COPY_PHASE_STRIP = NO;
				DEBUG_INFORMATION_FORMAT = dwarf;
				ENABLE_STRICT_OBJC_MSGSEND = YES;
				ENABLE_TESTABILITY = YES;
				GCC_C_LANGUAGE_STANDARD = gnu99;
				GCC_DYNAMIC_NO_PIC = NO;
				GCC_NO_COMMON_BLOCKS = YES;
				GCC_OPTIMIZATION_LEVEL = 0;
				GCC_PREPROCESSOR_DEFINITIONS = (
					"DEBUG=1",
					"$(inherited)",
				);
				GCC_WARN_64_TO_32_BIT_CONVERSION = YES;
				GCC_WARN_ABOUT_RETURN_TYPE = YES_ERROR;
				GCC_WARN_UNDECLARED_SELECTOR = YES;
				GCC_WARN_UNINITIALIZED_AUTOS = YES_AGGRESSIVE;
				GCC_WARN_UNUSED_FUNCTION = YES;
				GCC_WARN_UNUSED_VARIABLE = YES;
				IPHONEOS_DEPLOYMENT_TARGET = 9.2;
				MTL_ENABLE_DEBUG_INFO = YES;
				ONLY_ACTIVE_ARCH = YES;
				SDKROOT = iphoneos;
				SWIFT_OPTIMIZATION_LEVEL = "-Onone";
			};
			name = Debug;
		};
		7A1D7B951C4593E100959E94 /* Release */ = {
			isa = XCBuildConfiguration;
			buildSettings = {
				ALWAYS_SEARCH_USER_PATHS = NO;
				CLANG_CXX_LANGUAGE_STANDARD = "gnu++0x";
				CLANG_CXX_LIBRARY = "libc++";
				CLANG_ENABLE_MODULES = YES;
				CLANG_ENABLE_OBJC_ARC = YES;
				CLANG_WARN_BOOL_CONVERSION = YES;
				CLANG_WARN_CONSTANT_CONVERSION = YES;
				CLANG_WARN_DIRECT_OBJC_ISA_USAGE = YES_ERROR;
				CLANG_WARN_EMPTY_BODY = YES;
				CLANG_WARN_ENUM_CONVERSION = YES;
				CLANG_WARN_INT_CONVERSION = YES;
				CLANG_WARN_OBJC_ROOT_CLASS = YES_ERROR;
				CLANG_WARN_UNREACHABLE_CODE = YES;
				CLANG_WARN__DUPLICATE_METHOD_MATCH = YES;
				"CODE_SIGN_IDENTITY[sdk=iphoneos*]" = "iPhone Developer";
				COPY_PHASE_STRIP = NO;
				DEBUG_INFORMATION_FORMAT = "dwarf-with-dsym";
				ENABLE_NS_ASSERTIONS = NO;
				ENABLE_STRICT_OBJC_MSGSEND = YES;
				GCC_C_LANGUAGE_STANDARD = gnu99;
				GCC_NO_COMMON_BLOCKS = YES;
				GCC_WARN_64_TO_32_BIT_CONVERSION = YES;
				GCC_WARN_ABOUT_RETURN_TYPE = YES_ERROR;
				GCC_WARN_UNDECLARED_SELECTOR = YES;
				GCC_WARN_UNINITIALIZED_AUTOS = YES_AGGRESSIVE;
				GCC_WARN_UNUSED_FUNCTION = YES;
				GCC_WARN_UNUSED_VARIABLE = YES;
				IPHONEOS_DEPLOYMENT_TARGET = 9.2;
				MTL_ENABLE_DEBUG_INFO = NO;
				SDKROOT = iphoneos;
				VALIDATE_PRODUCT = YES;
			};
			name = Release;
		};
		7A1D7B971C4593E100959E94 /* Debug */ = {
			isa = XCBuildConfiguration;
			baseConfigurationReference = 89E3C2C6F857D329EC2C5EDA /* Pods-ECFlicks.debug.xcconfig */;
			buildSettings = {
				ASSETCATALOG_COMPILER_APPICON_NAME = AppIcon;
				CODE_SIGN_IDENTITY = "iPhone Developer";
				"CODE_SIGN_IDENTITY[sdk=iphoneos*]" = "iPhone Developer";
				INFOPLIST_FILE = ECFlicks/Info.plist;
				LD_RUNPATH_SEARCH_PATHS = "$(inherited) @executable_path/Frameworks";
				PRODUCT_BUNDLE_IDENTIFIER = CCSF.ECFlicks;
				PRODUCT_NAME = "$(TARGET_NAME)";
				PROVISIONING_PROFILE = "";
			};
			name = Debug;
		};
		7A1D7B981C4593E100959E94 /* Release */ = {
			isa = XCBuildConfiguration;
			baseConfigurationReference = 1636F19BA18106AC22E5C31A /* Pods-ECFlicks.release.xcconfig */;
			buildSettings = {
				ASSETCATALOG_COMPILER_APPICON_NAME = AppIcon;
				CODE_SIGN_IDENTITY = "iPhone Developer";
				"CODE_SIGN_IDENTITY[sdk=iphoneos*]" = "iPhone Developer";
				INFOPLIST_FILE = ECFlicks/Info.plist;
				LD_RUNPATH_SEARCH_PATHS = "$(inherited) @executable_path/Frameworks";
				PRODUCT_BUNDLE_IDENTIFIER = CCSF.ECFlicks;
				PRODUCT_NAME = "$(TARGET_NAME)";
				PROVISIONING_PROFILE = "";
			};
			name = Release;
		};
/* End XCBuildConfiguration section */

/* Begin XCConfigurationList section */
		7A1D7B7F1C4593E100959E94 /* Build configuration list for PBXProject "ECFlicks" */ = {
			isa = XCConfigurationList;
			buildConfigurations = (
				7A1D7B941C4593E100959E94 /* Debug */,
				7A1D7B951C4593E100959E94 /* Release */,
			);
			defaultConfigurationIsVisible = 0;
			defaultConfigurationName = Release;
		};
		7A1D7B961C4593E100959E94 /* Build configuration list for PBXNativeTarget "ECFlicks" */ = {
			isa = XCConfigurationList;
			buildConfigurations = (
				7A1D7B971C4593E100959E94 /* Debug */,
				7A1D7B981C4593E100959E94 /* Release */,
			);
			defaultConfigurationIsVisible = 0;
			defaultConfigurationName = Release;
		};
/* End XCConfigurationList section */
	};
	rootObject = 7A1D7B7C1C4593E100959E94 /* Project object */;
}
